
Microsoft Visual Studio Solution File, Format Version 12.00
# Visual Studio 15
VisualStudioVersion = 15.0.26730.12
MinimumVisualStudioVersion = 10.0.40219.1
Project("{FAE04EC0-301F-11D3-BF4B-00C04F79EFBC}") = "POH5Luokat", "POH5Luokat\POH5Luokat.csproj", "{4CB192FE-1165-4C0F-A9DB-407E4B3C9230}"
EndProject
Project("{FAE04EC0-301F-11D3-BF4B-00C04F79EFBC}") = "POH5Data", "POH5Data\POH5Data.csproj", "{309AFFDE-F825-4DCF-A66E-50291B4E0E36}"
EndProject
Global
	GlobalSection(SolutionConfigurationPlatforms) = preSolution
		Debug|Any CPU = Debug|Any CPU
		Release|Any CPU = Release|Any CPU
	EndGlobalSection
	GlobalSection(ProjectConfigurationPlatforms) = postSolution
		{4CB192FE-1165-4C0F-A9DB-407E4B3C9230}.Debug|Any CPU.ActiveCfg = Debug|Any CPU
		{4CB192FE-1165-4C0F-A9DB-407E4B3C9230}.Debug|Any CPU.Build.0 = Debug|Any CPU
		{4CB192FE-1165-4C0F-A9DB-407E4B3C9230}.Release|Any CPU.ActiveCfg = Release|Any CPU
		{4CB192FE-1165-4C0F-A9DB-407E4B3C9230}.Release|Any CPU.Build.0 = Release|Any CPU
		{309AFFDE-F825-4DCF-A66E-50291B4E0E36}.Debug|Any CPU.ActiveCfg = Debug|Any CPU
		{309AFFDE-F825-4DCF-A66E-50291B4E0E36}.Debug|Any CPU.Build.0 = Debug|Any CPU
		{309AFFDE-F825-4DCF-A66E-50291B4E0E36}.Release|Any CPU.ActiveCfg = Release|Any CPU
		{309AFFDE-F825-4DCF-A66E-50291B4E0E36}.Release|Any CPU.Build.0 = Release|Any CPU
	EndGlobalSection
	GlobalSection(SolutionProperties) = preSolution
		HideSolutionNode = FALSE
	EndGlobalSection
	GlobalSection(ExtensibilityGlobals) = postSolution
		SolutionGuid = {DDADDE05-1222-4860-BBEE-E6FF86FAA12E}
	EndGlobalSection
EndGlobal
